// !$*UTF8*$!
{
	archiveVersion = 1;
	classes = {
	};
	objectVersion = 50;
	objects = {

/* Begin PBXBuildFile section */
		EB330D7526477C8F005A8FF8 /* ReneePrototypeApp.swift in Sources */ = {isa = PBXBuildFile; fileRef = EB330D7426477C8F005A8FF8 /* ReneePrototypeApp.swift */; };
		EB330D7726477C8F005A8FF8 /* ContentView.swift in Sources */ = {isa = PBXBuildFile; fileRef = EB330D7626477C8F005A8FF8 /* ContentView.swift */; };
		EB330D7926477C91005A8FF8 /* Assets.xcassets in Resources */ = {isa = PBXBuildFile; fileRef = EB330D7826477C91005A8FF8 /* Assets.xcassets */; };
		EB330D7C26477C91005A8FF8 /* Preview Assets.xcassets in Resources */ = {isa = PBXBuildFile; fileRef = EB330D7B26477C91005A8FF8 /* Preview Assets.xcassets */; };
		EB330D8726478633005A8FF8 /* FeedView.swift in Sources */ = {isa = PBXBuildFile; fileRef = EB330D8626478633005A8FF8 /* FeedView.swift */; };
		EB330D892647897A005A8FF8 /* PostCell.swift in Sources */ = {isa = PBXBuildFile; fileRef = EB330D882647897A005A8FF8 /* PostCell.swift */; };
		EB330D8B26479BB1005A8FF8 /* SearchView.swift in Sources */ = {isa = PBXBuildFile; fileRef = EB330D8A26479BB1005A8FF8 /* SearchView.swift */; };
		EB330D8D26479C74005A8FF8 /* SearchBar.swift in Sources */ = {isa = PBXBuildFile; fileRef = EB330D8C26479C74005A8FF8 /* SearchBar.swift */; };
		EB330D8F2647A770005A8FF8 /* SearchUserCell.swift in Sources */ = {isa = PBXBuildFile; fileRef = EB330D8E2647A770005A8FF8 /* SearchUserCell.swift */; };
		EB330D922647AA9B005A8FF8 /* ConversationView.swift in Sources */ = {isa = PBXBuildFile; fileRef = EB330D912647AA9B005A8FF8 /* ConversationView.swift */; };
		EB330D942647AAB1005A8FF8 /* ConversationCell.swift in Sources */ = {isa = PBXBuildFile; fileRef = EB330D932647AAB1005A8FF8 /* ConversationCell.swift */; };
		EB330D962647B2AD005A8FF8 /* MessageInputView.swift in Sources */ = {isa = PBXBuildFile; fileRef = EB330D952647B2AD005A8FF8 /* MessageInputView.swift */; };
		EB330D982647B469005A8FF8 /* ChatView.swift in Sources */ = {isa = PBXBuildFile; fileRef = EB330D972647B469005A8FF8 /* ChatView.swift */; };
		EB330D9A2647B779005A8FF8 /* ChatBubble.swift in Sources */ = {isa = PBXBuildFile; fileRef = EB330D992647B779005A8FF8 /* ChatBubble.swift */; };
		EB330D9C2647BAF4005A8FF8 /* Message.swift in Sources */ = {isa = PBXBuildFile; fileRef = EB330D9B2647BAF4005A8FF8 /* Message.swift */; };
		EB330D9E2647BF49005A8FF8 /* MessageView.swift in Sources */ = {isa = PBXBuildFile; fileRef = EB330D9D2647BF49005A8FF8 /* MessageView.swift */; };
		EB330DA026486631005A8FF8 /* NewMessageView.swift in Sources */ = {isa = PBXBuildFile; fileRef = EB330D9F26486631005A8FF8 /* NewMessageView.swift */; };
		EB330DA226486B1B005A8FF8 /* UserProfileView.swift in Sources */ = {isa = PBXBuildFile; fileRef = EB330DA126486B1B005A8FF8 /* UserProfileView.swift */; };
		EB330DA726486D1D005A8FF8 /* ProfileHeader.swift in Sources */ = {isa = PBXBuildFile; fileRef = EB330DA626486D1D005A8FF8 /* ProfileHeader.swift */; };
		EB330DA926486D29005A8FF8 /* ProfileFilterButtons.swift in Sources */ = {isa = PBXBuildFile; fileRef = EB330DA826486D29005A8FF8 /* ProfileFilterButtons.swift */; };
		EB330DAB26486D42005A8FF8 /* ProfileFollowButtons.swift in Sources */ = {isa = PBXBuildFile; fileRef = EB330DAA26486D42005A8FF8 /* ProfileFollowButtons.swift */; };
		EB330DAD26488992005A8FF8 /* NewPostView.swift in Sources */ = {isa = PBXBuildFile; fileRef = EB330DAC26488992005A8FF8 /* NewPostView.swift */; };
		EB330DB126488E66005A8FF8 /* TextArea.swift in Sources */ = {isa = PBXBuildFile; fileRef = EB330DB026488E66005A8FF8 /* TextArea.swift */; };
		EB330DB42648923C005A8FF8 /* LoginView.swift in Sources */ = {isa = PBXBuildFile; fileRef = EB330DB32648923C005A8FF8 /* LoginView.swift */; };
		EB330DB626489244005A8FF8 /* RegistrationView.swift in Sources */ = {isa = PBXBuildFile; fileRef = EB330DB526489244005A8FF8 /* RegistrationView.swift */; };
		EB330DB8264899C4005A8FF8 /* LogInTextField.swift in Sources */ = {isa = PBXBuildFile; fileRef = EB330DB7264899C4005A8FF8 /* LogInTextField.swift */; };
		EB330DBA26489F97005A8FF8 /* SecureTextField.swift in Sources */ = {isa = PBXBuildFile; fileRef = EB330DB926489F97005A8FF8 /* SecureTextField.swift */; };
		EB330DBC2648C38A005A8FF8 /* ImagePicker.swift in Sources */ = {isa = PBXBuildFile; fileRef = EB330DBB2648C38A005A8FF8 /* ImagePicker.swift */; };
		EB330DBF2648E442005A8FF8 /* DataView.swift in Sources */ = {isa = PBXBuildFile; fileRef = EB330DBE2648E442005A8FF8 /* DataView.swift */; };
/* End PBXBuildFile section */

/* Begin PBXFileReference section */
		EB330D7126477C8F005A8FF8 /* ReneePrototype.app */ = {isa = PBXFileReference; explicitFileType = wrapper.application; includeInIndex = 0; path = ReneePrototype.app; sourceTree = BUILT_PRODUCTS_DIR; };
		EB330D7426477C8F005A8FF8 /* ReneePrototypeApp.swift */ = {isa = PBXFileReference; lastKnownFileType = sourcecode.swift; path = ReneePrototypeApp.swift; sourceTree = "<group>"; };
		EB330D7626477C8F005A8FF8 /* ContentView.swift */ = {isa = PBXFileReference; lastKnownFileType = sourcecode.swift; path = ContentView.swift; sourceTree = "<group>"; tabWidth = 4; };
		EB330D7826477C91005A8FF8 /* Assets.xcassets */ = {isa = PBXFileReference; lastKnownFileType = folder.assetcatalog; path = Assets.xcassets; sourceTree = "<group>"; };
		EB330D7B26477C91005A8FF8 /* Preview Assets.xcassets */ = {isa = PBXFileReference; lastKnownFileType = folder.assetcatalog; path = "Preview Assets.xcassets"; sourceTree = "<group>"; };
		EB330D7D26477C91005A8FF8 /* Info.plist */ = {isa = PBXFileReference; lastKnownFileType = text.plist.xml; path = Info.plist; sourceTree = "<group>"; };
		EB330D8626478633005A8FF8 /* FeedView.swift */ = {isa = PBXFileReference; lastKnownFileType = sourcecode.swift; path = FeedView.swift; sourceTree = "<group>"; };
		EB330D882647897A005A8FF8 /* PostCell.swift */ = {isa = PBXFileReference; lastKnownFileType = sourcecode.swift; path = PostCell.swift; sourceTree = "<group>"; };
		EB330D8A26479BB1005A8FF8 /* SearchView.swift */ = {isa = PBXFileReference; lastKnownFileType = sourcecode.swift; path = SearchView.swift; sourceTree = "<group>"; };
		EB330D8C26479C74005A8FF8 /* SearchBar.swift */ = {isa = PBXFileReference; lastKnownFileType = sourcecode.swift; path = SearchBar.swift; sourceTree = "<group>"; };
		EB330D8E2647A770005A8FF8 /* SearchUserCell.swift */ = {isa = PBXFileReference; lastKnownFileType = sourcecode.swift; path = SearchUserCell.swift; sourceTree = "<group>"; };
		EB330D912647AA9B005A8FF8 /* ConversationView.swift */ = {isa = PBXFileReference; lastKnownFileType = sourcecode.swift; path = ConversationView.swift; sourceTree = "<group>"; };
		EB330D932647AAB1005A8FF8 /* ConversationCell.swift */ = {isa = PBXFileReference; lastKnownFileType = sourcecode.swift; path = ConversationCell.swift; sourceTree = "<group>"; };
		EB330D952647B2AD005A8FF8 /* MessageInputView.swift */ = {isa = PBXFileReference; lastKnownFileType = sourcecode.swift; path = MessageInputView.swift; sourceTree = "<group>"; };
		EB330D972647B469005A8FF8 /* ChatView.swift */ = {isa = PBXFileReference; lastKnownFileType = sourcecode.swift; path = ChatView.swift; sourceTree = "<group>"; };
		EB330D992647B779005A8FF8 /* ChatBubble.swift */ = {isa = PBXFileReference; lastKnownFileType = sourcecode.swift; path = ChatBubble.swift; sourceTree = "<group>"; };
		EB330D9B2647BAF4005A8FF8 /* Message.swift */ = {isa = PBXFileReference; lastKnownFileType = sourcecode.swift; path = Message.swift; sourceTree = "<group>"; };
		EB330D9D2647BF49005A8FF8 /* MessageView.swift */ = {isa = PBXFileReference; lastKnownFileType = sourcecode.swift; path = MessageView.swift; sourceTree = "<group>"; };
		EB330D9F26486631005A8FF8 /* NewMessageView.swift */ = {isa = PBXFileReference; lastKnownFileType = sourcecode.swift; path = NewMessageView.swift; sourceTree = "<group>"; };
		EB330DA126486B1B005A8FF8 /* UserProfileView.swift */ = {isa = PBXFileReference; lastKnownFileType = sourcecode.swift; path = UserProfileView.swift; sourceTree = "<group>"; };
		EB330DA626486D1D005A8FF8 /* ProfileHeader.swift */ = {isa = PBXFileReference; lastKnownFileType = sourcecode.swift; path = ProfileHeader.swift; sourceTree = "<group>"; };
		EB330DA826486D29005A8FF8 /* ProfileFilterButtons.swift */ = {isa = PBXFileReference; lastKnownFileType = sourcecode.swift; path = ProfileFilterButtons.swift; sourceTree = "<group>"; };
		EB330DAA26486D42005A8FF8 /* ProfileFollowButtons.swift */ = {isa = PBXFileReference; lastKnownFileType = sourcecode.swift; path = ProfileFollowButtons.swift; sourceTree = "<group>"; };
		EB330DAC26488992005A8FF8 /* NewPostView.swift */ = {isa = PBXFileReference; lastKnownFileType = sourcecode.swift; path = NewPostView.swift; sourceTree = "<group>"; };
		EB330DB026488E66005A8FF8 /* TextArea.swift */ = {isa = PBXFileReference; lastKnownFileType = sourcecode.swift; path = TextArea.swift; sourceTree = "<group>"; };
		EB330DB32648923C005A8FF8 /* LoginView.swift */ = {isa = PBXFileReference; lastKnownFileType = sourcecode.swift; path = LoginView.swift; sourceTree = "<group>"; };
		EB330DB526489244005A8FF8 /* RegistrationView.swift */ = {isa = PBXFileReference; lastKnownFileType = sourcecode.swift; path = RegistrationView.swift; sourceTree = "<group>"; };
		EB330DB7264899C4005A8FF8 /* LogInTextField.swift */ = {isa = PBXFileReference; lastKnownFileType = sourcecode.swift; path = LogInTextField.swift; sourceTree = "<group>"; };
		EB330DB926489F97005A8FF8 /* SecureTextField.swift */ = {isa = PBXFileReference; lastKnownFileType = sourcecode.swift; path = SecureTextField.swift; sourceTree = "<group>"; };
		EB330DBB2648C38A005A8FF8 /* ImagePicker.swift */ = {isa = PBXFileReference; lastKnownFileType = sourcecode.swift; path = ImagePicker.swift; sourceTree = "<group>"; };
		EB330DBE2648E442005A8FF8 /* DataView.swift */ = {isa = PBXFileReference; lastKnownFileType = sourcecode.swift; path = DataView.swift; sourceTree = "<group>"; };
/* End PBXFileReference section */

/* Begin PBXFrameworksBuildPhase section */
		EB330D6E26477C8F005A8FF8 /* Frameworks */ = {
			isa = PBXFrameworksBuildPhase;
			buildActionMask = 2147483647;
			files = (
			);
			runOnlyForDeploymentPostprocessing = 0;
		};
/* End PBXFrameworksBuildPhase section */

/* Begin PBXGroup section */
		EB330D6826477C8F005A8FF8 = {
			isa = PBXGroup;
			children = (
				EB330D7326477C8F005A8FF8 /* ReneePrototype */,
				EB330D7226477C8F005A8FF8 /* Products */,
			);
			sourceTree = "<group>";
		};
		EB330D7226477C8F005A8FF8 /* Products */ = {
			isa = PBXGroup;
			children = (
				EB330D7126477C8F005A8FF8 /* ReneePrototype.app */,
			);
			name = Products;
			sourceTree = "<group>";
		};
		EB330D7326477C8F005A8FF8 /* ReneePrototype */ = {
			isa = PBXGroup;
			children = (
				EB330DAE26488E49005A8FF8 /* Utils */,
				EB330D852647858E005A8FF8 /* ViewModel */,
				EB330D8426478589005A8FF8 /* View */,
				EB330D8326478585005A8FF8 /* Model */,
				EB330D7426477C8F005A8FF8 /* ReneePrototypeApp.swift */,
				EB330D7826477C91005A8FF8 /* Assets.xcassets */,
				EB330D7D26477C91005A8FF8 /* Info.plist */,
				EB330D7A26477C91005A8FF8 /* Preview Content */,
			);
			path = ReneePrototype;
			sourceTree = "<group>";
		};
		EB330D7A26477C91005A8FF8 /* Preview Content */ = {
			isa = PBXGroup;
			children = (
				EB330D7B26477C91005A8FF8 /* Preview Assets.xcassets */,
			);
			path = "Preview Content";
			sourceTree = "<group>";
		};
		EB330D8326478585005A8FF8 /* Model */ = {
			isa = PBXGroup;
			children = (
				EB330D9B2647BAF4005A8FF8 /* Message.swift */,
			);
			path = Model;
			sourceTree = "<group>";
		};
		EB330D8426478589005A8FF8 /* View */ = {
			isa = PBXGroup;
			children = (
				EB330DBD2648E418005A8FF8 /* Data */,
				EB330DB226489234005A8FF8 /* Authentication */,
				EB330DA526486C96005A8FF8 /* Search */,
				EB330DA426486C7D005A8FF8 /* HomeFeed */,
				EB330DA326486B27005A8FF8 /* Profile */,
				EB330D902647AA84005A8FF8 /* Chat */,
				EB330D7626477C8F005A8FF8 /* ContentView.swift */,
			);
			path = View;
			sourceTree = "<group>";
		};
		EB330D852647858E005A8FF8 /* ViewModel */ = {
			isa = PBXGroup;
			children = (
			);
			path = ViewModel;
			sourceTree = "<group>";
		};
		EB330D902647AA84005A8FF8 /* Chat */ = {
			isa = PBXGroup;
			children = (
				EB330D912647AA9B005A8FF8 /* ConversationView.swift */,
				EB330D932647AAB1005A8FF8 /* ConversationCell.swift */,
				EB330D952647B2AD005A8FF8 /* MessageInputView.swift */,
				EB330D972647B469005A8FF8 /* ChatView.swift */,
				EB330D992647B779005A8FF8 /* ChatBubble.swift */,
				EB330D9D2647BF49005A8FF8 /* MessageView.swift */,
				EB330D9F26486631005A8FF8 /* NewMessageView.swift */,
			);
			path = Chat;
			sourceTree = "<group>";
		};
		EB330DA326486B27005A8FF8 /* Profile */ = {
			isa = PBXGroup;
			children = (
				EB330DA126486B1B005A8FF8 /* UserProfileView.swift */,
				EB330DA626486D1D005A8FF8 /* ProfileHeader.swift */,
				EB330DAA26486D42005A8FF8 /* ProfileFollowButtons.swift */,
				EB330DA826486D29005A8FF8 /* ProfileFilterButtons.swift */,
			);
			path = Profile;
			sourceTree = "<group>";
		};
		EB330DA426486C7D005A8FF8 /* HomeFeed */ = {
			isa = PBXGroup;
			children = (
				EB330D882647897A005A8FF8 /* PostCell.swift */,
				EB330D8626478633005A8FF8 /* FeedView.swift */,
				EB330DAC26488992005A8FF8 /* NewPostView.swift */,
			);
			path = HomeFeed;
			sourceTree = "<group>";
		};
		EB330DA526486C96005A8FF8 /* Search */ = {
			isa = PBXGroup;
			children = (
				EB330D8A26479BB1005A8FF8 /* SearchView.swift */,
				EB330D8E2647A770005A8FF8 /* SearchUserCell.swift */,
				EB330D8C26479C74005A8FF8 /* SearchBar.swift */,
			);
			path = Search;
			sourceTree = "<group>";
		};
		EB330DAE26488E49005A8FF8 /* Utils */ = {
			isa = PBXGroup;
			children = (
				EB330DAF26488E4D005A8FF8 /* HelperViews */,
			);
			path = Utils;
			sourceTree = "<group>";
		};
		EB330DAF26488E4D005A8FF8 /* HelperViews */ = {
			isa = PBXGroup;
			children = (
				EB330DB026488E66005A8FF8 /* TextArea.swift */,
				EB330DB7264899C4005A8FF8 /* LogInTextField.swift */,
				EB330DB926489F97005A8FF8 /* SecureTextField.swift */,
				EB330DBB2648C38A005A8FF8 /* ImagePicker.swift */,
			);
			path = HelperViews;
			sourceTree = "<group>";
		};
		EB330DB226489234005A8FF8 /* Authentication */ = {
			isa = PBXGroup;
			children = (
				EB330DB32648923C005A8FF8 /* LoginView.swift */,
				EB330DB526489244005A8FF8 /* RegistrationView.swift */,
			);
			path = Authentication;
			sourceTree = "<group>";
		};
		EB330DBD2648E418005A8FF8 /* Data */ = {
			isa = PBXGroup;
			children = (
				EB330DBE2648E442005A8FF8 /* DataView.swift */,
			);
			path = Data;
			sourceTree = "<group>";
		};
/* End PBXGroup section */

/* Begin PBXNativeTarget section */
		EB330D7026477C8F005A8FF8 /* ReneePrototype */ = {
			isa = PBXNativeTarget;
			buildConfigurationList = EB330D8026477C91005A8FF8 /* Build configuration list for PBXNativeTarget "ReneePrototype" */;
			buildPhases = (
				EB330D6D26477C8F005A8FF8 /* Sources */,
				EB330D6E26477C8F005A8FF8 /* Frameworks */,
				EB330D6F26477C8F005A8FF8 /* Resources */,
			);
			buildRules = (
			);
			dependencies = (
			);
			name = ReneePrototype;
			productName = ReneePrototype;
			productReference = EB330D7126477C8F005A8FF8 /* ReneePrototype.app */;
			productType = "com.apple.product-type.application";
		};
/* End PBXNativeTarget section */

/* Begin PBXProject section */
		EB330D6926477C8F005A8FF8 /* Project object */ = {
			isa = PBXProject;
			attributes = {
				LastSwiftUpdateCheck = 1250;
				LastUpgradeCheck = 1250;
				TargetAttributes = {
					EB330D7026477C8F005A8FF8 = {
						CreatedOnToolsVersion = 12.5;
					};
				};
			};
			buildConfigurationList = EB330D6C26477C8F005A8FF8 /* Build configuration list for PBXProject "ReneePrototype" */;
			compatibilityVersion = "Xcode 9.3";
			developmentRegion = en;
			hasScannedForEncodings = 0;
			knownRegions = (
				en,
				Base,
			);
			mainGroup = EB330D6826477C8F005A8FF8;
			productRefGroup = EB330D7226477C8F005A8FF8 /* Products */;
			projectDirPath = "";
			projectRoot = "";
			targets = (
				EB330D7026477C8F005A8FF8 /* ReneePrototype */,
			);
		};
/* End PBXProject section */

/* Begin PBXResourcesBuildPhase section */
		EB330D6F26477C8F005A8FF8 /* Resources */ = {
			isa = PBXResourcesBuildPhase;
			buildActionMask = 2147483647;
			files = (
				EB330D7C26477C91005A8FF8 /* Preview Assets.xcassets in Resources */,
				EB330D7926477C91005A8FF8 /* Assets.xcassets in Resources */,
			);
			runOnlyForDeploymentPostprocessing = 0;
		};
/* End PBXResourcesBuildPhase section */

/* Begin PBXSourcesBuildPhase section */
		EB330D6D26477C8F005A8FF8 /* Sources */ = {
			isa = PBXSourcesBuildPhase;
			buildActionMask = 2147483647;
			files = (
				EB330DAB26486D42005A8FF8 /* ProfileFollowButtons.swift in Sources */,
				EB330DB126488E66005A8FF8 /* TextArea.swift in Sources */,
				EB330DB626489244005A8FF8 /* RegistrationView.swift in Sources */,
				EB330D8F2647A770005A8FF8 /* SearchUserCell.swift in Sources */,
				EB330D962647B2AD005A8FF8 /* MessageInputView.swift in Sources */,
				EB330D8B26479BB1005A8FF8 /* SearchView.swift in Sources */,
				EB330D7726477C8F005A8FF8 /* ContentView.swift in Sources */,
				EB330D982647B469005A8FF8 /* ChatView.swift in Sources */,
				EB330D8726478633005A8FF8 /* FeedView.swift in Sources */,
				EB330DBF2648E442005A8FF8 /* DataView.swift in Sources */,
				EB330DB42648923C005A8FF8 /* LoginView.swift in Sources */,
				EB330D7526477C8F005A8FF8 /* ReneePrototypeApp.swift in Sources */,
				EB330D9A2647B779005A8FF8 /* ChatBubble.swift in Sources */,
				EB330D892647897A005A8FF8 /* PostCell.swift in Sources */,
				EB330DBC2648C38A005A8FF8 /* ImagePicker.swift in Sources */,
				EB330DA026486631005A8FF8 /* NewMessageView.swift in Sources */,
				EB330DA726486D1D005A8FF8 /* ProfileHeader.swift in Sources */,
				EB330D9C2647BAF4005A8FF8 /* Message.swift in Sources */,
				EB330DA226486B1B005A8FF8 /* UserProfileView.swift in Sources */,
				EB330DB8264899C4005A8FF8 /* LogInTextField.swift in Sources */,
				EB330D8D26479C74005A8FF8 /* SearchBar.swift in Sources */,
				EB330D922647AA9B005A8FF8 /* ConversationView.swift in Sources */,
				EB330DA926486D29005A8FF8 /* ProfileFilterButtons.swift in Sources */,
				EB330DBA26489F97005A8FF8 /* SecureTextField.swift in Sources */,
				EB330D9E2647BF49005A8FF8 /* MessageView.swift in Sources */,
				EB330D942647AAB1005A8FF8 /* ConversationCell.swift in Sources */,
				EB330DAD26488992005A8FF8 /* NewPostView.swift in Sources */,
			);
			runOnlyForDeploymentPostprocessing = 0;
		};
/* End PBXSourcesBuildPhase section */

/* Begin XCBuildConfiguration section */
		EB330D7E26477C91005A8FF8 /* Debug */ = {
			isa = XCBuildConfiguration;
			buildSettings = {
				ALWAYS_SEARCH_USER_PATHS = NO;
				CLANG_ANALYZER_NONNULL = YES;
				CLANG_ANALYZER_NUMBER_OBJECT_CONVERSION = YES_AGGRESSIVE;
				CLANG_CXX_LANGUAGE_STANDARD = "gnu++14";
				CLANG_CXX_LIBRARY = "libc++";
				CLANG_ENABLE_MODULES = YES;
				CLANG_ENABLE_OBJC_ARC = YES;
				CLANG_ENABLE_OBJC_WEAK = YES;
				CLANG_WARN_BLOCK_CAPTURE_AUTORELEASING = YES;
				CLANG_WARN_BOOL_CONVERSION = YES;
				CLANG_WARN_COMMA = YES;
				CLANG_WARN_CONSTANT_CONVERSION = YES;
				CLANG_WARN_DEPRECATED_OBJC_IMPLEMENTATIONS = YES;
				CLANG_WARN_DIRECT_OBJC_ISA_USAGE = YES_ERROR;
				CLANG_WARN_DOCUMENTATION_COMMENTS = YES;
				CLANG_WARN_EMPTY_BODY = YES;
				CLANG_WARN_ENUM_CONVERSION = YES;
				CLANG_WARN_INFINITE_RECURSION = YES;
				CLANG_WARN_INT_CONVERSION = YES;
				CLANG_WARN_NON_LITERAL_NULL_CONVERSION = YES;
				CLANG_WARN_OBJC_IMPLICIT_RETAIN_SELF = YES;
				CLANG_WARN_OBJC_LITERAL_CONVERSION = YES;
				CLANG_WARN_OBJC_ROOT_CLASS = YES_ERROR;
				CLANG_WARN_QUOTED_INCLUDE_IN_FRAMEWORK_HEADER = YES;
				CLANG_WARN_RANGE_LOOP_ANALYSIS = YES;
				CLANG_WARN_STRICT_PROTOTYPES = YES;
				CLANG_WARN_SUSPICIOUS_MOVE = YES;
				CLANG_WARN_UNGUARDED_AVAILABILITY = YES_AGGRESSIVE;
				CLANG_WARN_UNREACHABLE_CODE = YES;
				CLANG_WARN__DUPLICATE_METHOD_MATCH = YES;
				COPY_PHASE_STRIP = NO;
				DEBUG_INFORMATION_FORMAT = dwarf;
				ENABLE_STRICT_OBJC_MSGSEND = YES;
				ENABLE_TESTABILITY = YES;
				GCC_C_LANGUAGE_STANDARD = gnu11;
				GCC_DYNAMIC_NO_PIC = NO;
				GCC_NO_COMMON_BLOCKS = YES;
				GCC_OPTIMIZATION_LEVEL = 0;
				GCC_PREPROCESSOR_DEFINITIONS = (
					"DEBUG=1",
					"$(inherited)",
				);
				GCC_WARN_64_TO_32_BIT_CONVERSION = YES;
				GCC_WARN_ABOUT_RETURN_TYPE = YES_ERROR;
				GCC_WARN_UNDECLARED_SELECTOR = YES;
				GCC_WARN_UNINITIALIZED_AUTOS = YES_AGGRESSIVE;
				GCC_WARN_UNUSED_FUNCTION = YES;
				GCC_WARN_UNUSED_VARIABLE = YES;
				IPHONEOS_DEPLOYMENT_TARGET = 14.5;
				MTL_ENABLE_DEBUG_INFO = INCLUDE_SOURCE;
				MTL_FAST_MATH = YES;
				ONLY_ACTIVE_ARCH = YES;
				SDKROOT = iphoneos;
				SWIFT_ACTIVE_COMPILATION_CONDITIONS = DEBUG;
				SWIFT_OPTIMIZATION_LEVEL = "-Onone";
			};
			name = Debug;
		};
		EB330D7F26477C91005A8FF8 /* Release */ = {
			isa = XCBuildConfiguration;
			buildSettings = {
				ALWAYS_SEARCH_USER_PATHS = NO;
				CLANG_ANALYZER_NONNULL = YES;
				CLANG_ANALYZER_NUMBER_OBJECT_CONVERSION = YES_AGGRESSIVE;
				CLANG_CXX_LANGUAGE_STANDARD = "gnu++14";
				CLANG_CXX_LIBRARY = "libc++";
				CLANG_ENABLE_MODULES = YES;
				CLANG_ENABLE_OBJC_ARC = YES;
				CLANG_ENABLE_OBJC_WEAK = YES;
				CLANG_WARN_BLOCK_CAPTURE_AUTORELEASING = YES;
				CLANG_WARN_BOOL_CONVERSION = YES;
				CLANG_WARN_COMMA = YES;
				CLANG_WARN_CONSTANT_CONVERSION = YES;
				CLANG_WARN_DEPRECATED_OBJC_IMPLEMENTATIONS = YES;
				CLANG_WARN_DIRECT_OBJC_ISA_USAGE = YES_ERROR;
				CLANG_WARN_DOCUMENTATION_COMMENTS = YES;
				CLANG_WARN_EMPTY_BODY = YES;
				CLANG_WARN_ENUM_CONVERSION = YES;
				CLANG_WARN_INFINITE_RECURSION = YES;
				CLANG_WARN_INT_CONVERSION = YES;
				CLANG_WARN_NON_LITERAL_NULL_CONVERSION = YES;
				CLANG_WARN_OBJC_IMPLICIT_RETAIN_SELF = YES;
				CLANG_WARN_OBJC_LITERAL_CONVERSION = YES;
				CLANG_WARN_OBJC_ROOT_CLASS = YES_ERROR;
				CLANG_WARN_QUOTED_INCLUDE_IN_FRAMEWORK_HEADER = YES;
				CLANG_WARN_RANGE_LOOP_ANALYSIS = YES;
				CLANG_WARN_STRICT_PROTOTYPES = YES;
				CLANG_WARN_SUSPICIOUS_MOVE = YES;
				CLANG_WARN_UNGUARDED_AVAILABILITY = YES_AGGRESSIVE;
				CLANG_WARN_UNREACHABLE_CODE = YES;
				CLANG_WARN__DUPLICATE_METHOD_MATCH = YES;
				COPY_PHASE_STRIP = NO;
				DEBUG_INFORMATION_FORMAT = "dwarf-with-dsym";
				ENABLE_NS_ASSERTIONS = NO;
				ENABLE_STRICT_OBJC_MSGSEND = YES;
				GCC_C_LANGUAGE_STANDARD = gnu11;
				GCC_NO_COMMON_BLOCKS = YES;
				GCC_WARN_64_TO_32_BIT_CONVERSION = YES;
				GCC_WARN_ABOUT_RETURN_TYPE = YES_ERROR;
				GCC_WARN_UNDECLARED_SELECTOR = YES;
				GCC_WARN_UNINITIALIZED_AUTOS = YES_AGGRESSIVE;
				GCC_WARN_UNUSED_FUNCTION = YES;
				GCC_WARN_UNUSED_VARIABLE = YES;
				IPHONEOS_DEPLOYMENT_TARGET = 14.5;
				MTL_ENABLE_DEBUG_INFO = NO;
				MTL_FAST_MATH = YES;
				SDKROOT = iphoneos;
				SWIFT_COMPILATION_MODE = wholemodule;
				SWIFT_OPTIMIZATION_LEVEL = "-O";
				VALIDATE_PRODUCT = YES;
			};
			name = Release;
		};
		EB330D8126477C91005A8FF8 /* Debug */ = {
			isa = XCBuildConfiguration;
			buildSettings = {
				ASSETCATALOG_COMPILER_APPICON_NAME = AppIcon;
				ASSETCATALOG_COMPILER_GLOBAL_ACCENT_COLOR_NAME = AccentColor;
				CODE_SIGN_STYLE = Automatic;
				DEVELOPMENT_ASSET_PATHS = "\"ReneePrototype/Preview Content\"";
				DEVELOPMENT_TEAM = 2GNAW8LGB7;
				ENABLE_PREVIEWS = YES;
				INFOPLIST_FILE = ReneePrototype/Info.plist;
				IPHONEOS_DEPLOYMENT_TARGET = 14.0;
				LD_RUNPATH_SEARCH_PATHS = (
					"$(inherited)",
					"@executable_path/Frameworks",
				);
				PRODUCT_BUNDLE_IDENTIFIER = com.jinitshah.ReneePrototype;
				PRODUCT_NAME = "$(TARGET_NAME)";
				SWIFT_VERSION = 5.0;
				TARGETED_DEVICE_FAMILY = "1,2";
			};
			name = Debug;
		};
		EB330D8226477C91005A8FF8 /* Release */ = {
			isa = XCBuildConfiguration;
			buildSettings = {
				ASSETCATALOG_COMPILER_APPICON_NAME = AppIcon;
				ASSETCATALOG_COMPILER_GLOBAL_ACCENT_COLOR_NAME = AccentColor;
				CODE_SIGN_STYLE = Automatic;
				DEVELOPMENT_ASSET_PATHS = "\"ReneePrototype/Preview Content\"";
				DEVELOPMENT_TEAM = 2GNAW8LGB7;
				ENABLE_PREVIEWS = YES;
				INFOPLIST_FILE = ReneePrototype/Info.plist;
				IPHONEOS_DEPLOYMENT_TARGET = 14.0;
				LD_RUNPATH_SEARCH_PATHS = (
					"$(inherited)",
					"@executable_path/Frameworks",
				);
				PRODUCT_BUNDLE_IDENTIFIER = com.jinitshah.ReneePrototype;
				PRODUCT_NAME = "$(TARGET_NAME)";
				SWIFT_VERSION = 5.0;
				TARGETED_DEVICE_FAMILY = "1,2";
			};
			name = Release;
		};
/* End XCBuildConfiguration section */

/* Begin XCConfigurationList section */
		EB330D6C26477C8F005A8FF8 /* Build configuration list for PBXProject "ReneePrototype" */ = {
			isa = XCConfigurationList;
			buildConfigurations = (
				EB330D7E26477C91005A8FF8 /* Debug */,
				EB330D7F26477C91005A8FF8 /* Release */,
			);
			defaultConfigurationIsVisible = 0;
			defaultConfigurationName = Release;
		};
		EB330D8026477C91005A8FF8 /* Build configuration list for PBXNativeTarget "ReneePrototype" */ = {
			isa = XCConfigurationList;
			buildConfigurations = (
				EB330D8126477C91005A8FF8 /* Debug */,
				EB330D8226477C91005A8FF8 /* Release */,
			);
			defaultConfigurationIsVisible = 0;
			defaultConfigurationName = Release;
		};
/* End XCConfigurationList section */
	};
	rootObject = EB330D6926477C8F005A8FF8 /* Project object */;
}
